
Microsoft Visual Studio Solution File, Format Version 12.00
# Visual Studio 15
VisualStudioVersion = 15.0.27428.2037
MinimumVisualStudioVersion = 10.0.40219.1
Project("{FAE04EC0-301F-11D3-BF4B-00C04F79EFBC}") = "AppClases.Android", "AppClases\AppClases.Android\AppClases.Android.csproj", "{029FF7D7-C526-43B1-A06D-D5694E75FF06}"
EndProject
Project("{FAE04EC0-301F-11D3-BF4B-00C04F79EFBC}") = "AppClases.iOS", "AppClases\AppClases.iOS\AppClases.iOS.csproj", "{3419194F-A38B-4B4F-8C76-68B299F43599}"
EndProject
Project("{FAE04EC0-301F-11D3-BF4B-00C04F79EFBC}") = "AppClases.UWP", "AppClases\AppClases.UWP\AppClases.UWP.csproj", "{2EE0C7F0-93A4-428E-884C-9D499F5D24CC}"
EndProject
Project("{FAE04EC0-301F-11D3-BF4B-00C04F79EFBC}") = "AppClases", "AppClases\AppClases\AppClases.csproj", "{8BE232F5-AAC8-41BF-84A8-284DB39A0B76}"
EndProject
Global
	GlobalSection(SolutionConfigurationPlatforms) = preSolution
		Ad-Hoc|Any CPU = Ad-Hoc|Any CPU
		Ad-Hoc|ARM = Ad-Hoc|ARM
		Ad-Hoc|iPhone = Ad-Hoc|iPhone
		Ad-Hoc|iPhoneSimulator = Ad-Hoc|iPhoneSimulator
		Ad-Hoc|x64 = Ad-Hoc|x64
		Ad-Hoc|x86 = Ad-Hoc|x86
		AppStore|Any CPU = AppStore|Any CPU
		AppStore|ARM = AppStore|ARM
		AppStore|iPhone = AppStore|iPhone
		AppStore|iPhoneSimulator = AppStore|iPhoneSimulator
		AppStore|x64 = AppStore|x64
		AppStore|x86 = AppStore|x86
		Debug|Any CPU = Debug|Any CPU
		Debug|ARM = Debug|ARM
		Debug|iPhone = Debug|iPhone
		Debug|iPhoneSimulator = Debug|iPhoneSimulator
		Debug|x64 = Debug|x64
		Debug|x86 = Debug|x86
		Release|Any CPU = Release|Any CPU
		Release|ARM = Release|ARM
		Release|iPhone = Release|iPhone
		Release|iPhoneSimulator = Release|iPhoneSimulator
		Release|x64 = Release|x64
		Release|x86 = Release|x86
	EndGlobalSection
	GlobalSection(ProjectConfigurationPlatforms) = postSolution
		{029FF7D7-C526-43B1-A06D-D5694E75FF06}.Ad-Hoc|Any CPU.ActiveCfg = Release|Any CPU
		{029FF7D7-C526-43B1-A06D-D5694E75FF06}.Ad-Hoc|Any CPU.Build.0 = Release|Any CPU
		{029FF7D7-C526-43B1-A06D-D5694E75FF06}.Ad-Hoc|Any CPU.Deploy.0 = Release|Any CPU
		{029FF7D7-C526-43B1-A06D-D5694E75FF06}.Ad-Hoc|ARM.ActiveCfg = Release|Any CPU
		{029FF7D7-C526-43B1-A06D-D5694E75FF06}.Ad-Hoc|ARM.Build.0 = Release|Any CPU
		{029FF7D7-C526-43B1-A06D-D5694E75FF06}.Ad-Hoc|ARM.Deploy.0 = Release|Any CPU
		{029FF7D7-C526-43B1-A06D-D5694E75FF06}.Ad-Hoc|iPhone.ActiveCfg = Release|Any CPU
		{029FF7D7-C526-43B1-A06D-D5694E75FF06}.Ad-Hoc|iPhone.Build.0 = Release|Any CPU
		{029FF7D7-C526-43B1-A06D-D5694E75FF06}.Ad-Hoc|iPhone.Deploy.0 = Release|Any CPU
		{029FF7D7-C526-43B1-A06D-D5694E75FF06}.Ad-Hoc|iPhoneSimulator.ActiveCfg = Release|Any CPU
		{029FF7D7-C526-43B1-A06D-D5694E75FF06}.Ad-Hoc|iPhoneSimulator.Build.0 = Release|Any CPU
		{029FF7D7-C526-43B1-A06D-D5694E75FF06}.Ad-Hoc|iPhoneSimulator.Deploy.0 = Release|Any CPU
		{029FF7D7-C526-43B1-A06D-D5694E75FF06}.Ad-Hoc|x64.ActiveCfg = Release|Any CPU
		{029FF7D7-C526-43B1-A06D-D5694E75FF06}.Ad-Hoc|x64.Build.0 = Release|Any CPU
		{029FF7D7-C526-43B1-A06D-D5694E75FF06}.Ad-Hoc|x64.Deploy.0 = Release|Any CPU
		{029FF7D7-C526-43B1-A06D-D5694E75FF06}.Ad-Hoc|x86.ActiveCfg = Release|Any CPU
		{029FF7D7-C526-43B1-A06D-D5694E75FF06}.Ad-Hoc|x86.Build.0 = Release|Any CPU
		{029FF7D7-C526-43B1-A06D-D5694E75FF06}.Ad-Hoc|x86.Deploy.0 = Release|Any CPU
		{029FF7D7-C526-43B1-A06D-D5694E75FF06}.AppStore|Any CPU.ActiveCfg = Release|Any CPU
		{029FF7D7-C526-43B1-A06D-D5694E75FF06}.AppStore|Any CPU.Build.0 = Release|Any CPU
		{029FF7D7-C526-43B1-A06D-D5694E75FF06}.AppStore|Any CPU.Deploy.0 = Release|Any CPU
		{029FF7D7-C526-43B1-A06D-D5694E75FF06}.AppStore|ARM.ActiveCfg = Release|Any CPU
		{029FF7D7-C526-43B1-A06D-D5694E75FF06}.AppStore|ARM.Build.0 = Release|Any CPU
		{029FF7D7-C526-43B1-A06D-D5694E75FF06}.AppStore|ARM.Deploy.0 = Release|Any CPU
		{029FF7D7-C526-43B1-A06D-D5694E75FF06}.AppStore|iPhone.ActiveCfg = Release|Any CPU
		{029FF7D7-C526-43B1-A06D-D5694E75FF06}.AppStore|iPhone.Build.0 = Release|Any CPU
		{029FF7D7-C526-43B1-A06D-D5694E75FF06}.AppStore|iPhone.Deploy.0 = Release|Any CPU
		{029FF7D7-C526-43B1-A06D-D5694E75FF06}.AppStore|iPhoneSimulator.ActiveCfg = Release|Any CPU
		{029FF7D7-C526-43B1-A06D-D5694E75FF06}.AppStore|iPhoneSimulator.Build.0 = Release|Any CPU
		{029FF7D7-C526-43B1-A06D-D5694E75FF06}.AppStore|iPhoneSimulator.Deploy.0 = Release|Any CPU
		{029FF7D7-C526-43B1-A06D-D5694E75FF06}.AppStore|x64.ActiveCfg = Release|Any CPU
		{029FF7D7-C526-43B1-A06D-D5694E75FF06}.AppStore|x64.Build.0 = Release|Any CPU
		{029FF7D7-C526-43B1-A06D-D5694E75FF06}.AppStore|x64.Deploy.0 = Release|Any CPU
		{029FF7D7-C526-43B1-A06D-D5694E75FF06}.AppStore|x86.ActiveCfg = Release|Any CPU
		{029FF7D7-C526-43B1-A06D-D5694E75FF06}.AppStore|x86.Build.0 = Release|Any CPU
		{029FF7D7-C526-43B1-A06D-D5694E75FF06}.AppStore|x86.Deploy.0 = Release|Any CPU
		{029FF7D7-C526-43B1-A06D-D5694E75FF06}.Debug|Any CPU.ActiveCfg = Debug|Any CPU
		{029FF7D7-C526-43B1-A06D-D5694E75FF06}.Debug|Any CPU.Build.0 = Debug|Any CPU
		{029FF7D7-C526-43B1-A06D-D5694E75FF06}.Debug|Any CPU.Deploy.0 = Debug|Any CPU
		{029FF7D7-C526-43B1-A06D-D5694E75FF06}.Debug|ARM.ActiveCfg = Debug|Any CPU
		{029FF7D7-C526-43B1-A06D-D5694E75FF06}.Debug|ARM.Build.0 = Debug|Any CPU
		{029FF7D7-C526-43B1-A06D-D5694E75FF06}.Debug|ARM.Deploy.0 = Debug|Any CPU
		{029FF7D7-C526-43B1-A06D-D5694E75FF06}.Debug|iPhone.ActiveCfg = Debug|Any CPU
		{029FF7D7-C526-43B1-A06D-D5694E75FF06}.Debug|iPhone.Build.0 = Debug|Any CPU
		{029FF7D7-C526-43B1-A06D-D5694E75FF06}.Debug|iPhone.Deploy.0 = Debug|Any CPU
		{029FF7D7-C526-43B1-A06D-D5694E75FF06}.Debug|iPhoneSimulator.ActiveCfg = Debug|Any CPU
		{029FF7D7-C526-43B1-A06D-D5694E75FF06}.Debug|iPhoneSimulator.Build.0 = Debug|Any CPU
		{029FF7D7-C526-43B1-A06D-D5694E75FF06}.Debug|iPhoneSimulator.Deploy.0 = Debug|Any CPU
		{029FF7D7-C526-43B1-A06D-D5694E75FF06}.Debug|x64.ActiveCfg = Debug|Any CPU
		{029FF7D7-C526-43B1-A06D-D5694E75FF06}.Debug|x64.Build.0 = Debug|Any CPU
		{029FF7D7-C526-43B1-A06D-D5694E75FF06}.Debug|x64.Deploy.0 = Debug|Any CPU
		{029FF7D7-C526-43B1-A06D-D5694E75FF06}.Debug|x86.ActiveCfg = Debug|Any CPU
		{029FF7D7-C526-43B1-A06D-D5694E75FF06}.Debug|x86.Build.0 = Debug|Any CPU
		{029FF7D7-C526-43B1-A06D-D5694E75FF06}.Debug|x86.Deploy.0 = Debug|Any CPU
		{029FF7D7-C526-43B1-A06D-D5694E75FF06}.Release|Any CPU.ActiveCfg = Release|Any CPU
		{029FF7D7-C526-43B1-A06D-D5694E75FF06}.Release|Any CPU.Build.0 = Release|Any CPU
		{029FF7D7-C526-43B1-A06D-D5694E75FF06}.Release|Any CPU.Deploy.0 = Release|Any CPU
		{029FF7D7-C526-43B1-A06D-D5694E75FF06}.Release|ARM.ActiveCfg = Release|Any CPU
		{029FF7D7-C526-43B1-A06D-D5694E75FF06}.Release|ARM.Build.0 = Release|Any CPU
		{029FF7D7-C526-43B1-A06D-D5694E75FF06}.Release|ARM.Deploy.0 = Release|Any CPU
		{029FF7D7-C526-43B1-A06D-D5694E75FF06}.Release|iPhone.ActiveCfg = Release|Any CPU
		{029FF7D7-C526-43B1-A06D-D5694E75FF06}.Release|iPhone.Build.0 = Release|Any CPU
		{029FF7D7-C526-43B1-A06D-D5694E75FF06}.Release|iPhone.Deploy.0 = Release|Any CPU
		{029FF7D7-C526-43B1-A06D-D5694E75FF06}.Release|iPhoneSimulator.ActiveCfg = Release|Any CPU
		{029FF7D7-C526-43B1-A06D-D5694E75FF06}.Release|iPhoneSimulator.Build.0 = Release|Any CPU
		{029FF7D7-C526-43B1-A06D-D5694E75FF06}.Release|iPhoneSimulator.Deploy.0 = Release|Any CPU
		{029FF7D7-C526-43B1-A06D-D5694E75FF06}.Release|x64.ActiveCfg = Release|Any CPU
		{029FF7D7-C526-43B1-A06D-D5694E75FF06}.Release|x64.Build.0 = Release|Any CPU
		{029FF7D7-C526-43B1-A06D-D5694E75FF06}.Release|x64.Deploy.0 = Release|Any CPU
		{029FF7D7-C526-43B1-A06D-D5694E75FF06}.Release|x86.ActiveCfg = Release|Any CPU
		{029FF7D7-C526-43B1-A06D-D5694E75FF06}.Release|x86.Build.0 = Release|Any CPU
		{029FF7D7-C526-43B1-A06D-D5694E75FF06}.Release|x86.Deploy.0 = Release|Any CPU
		{3419194F-A38B-4B4F-8C76-68B299F43599}.Ad-Hoc|Any CPU.ActiveCfg = Ad-Hoc|iPhone
		{3419194F-A38B-4B4F-8C76-68B299F43599}.Ad-Hoc|ARM.ActiveCfg = Ad-Hoc|iPhone
		{3419194F-A38B-4B4F-8C76-68B299F43599}.Ad-Hoc|iPhone.ActiveCfg = Ad-Hoc|iPhone
		{3419194F-A38B-4B4F-8C76-68B299F43599}.Ad-Hoc|iPhone.Build.0 = Ad-Hoc|iPhone
		{3419194F-A38B-4B4F-8C76-68B299F43599}.Ad-Hoc|iPhoneSimulator.ActiveCfg = Ad-Hoc|iPhoneSimulator
		{3419194F-A38B-4B4F-8C76-68B299F43599}.Ad-Hoc|iPhoneSimulator.Build.0 = Ad-Hoc|iPhoneSimulator
		{3419194F-A38B-4B4F-8C76-68B299F43599}.Ad-Hoc|x64.ActiveCfg = Ad-Hoc|iPhone
		{3419194F-A38B-4B4F-8C76-68B299F43599}.Ad-Hoc|x86.ActiveCfg = Ad-Hoc|iPhone
		{3419194F-A38B-4B4F-8C76-68B299F43599}.AppStore|Any CPU.ActiveCfg = AppStore|iPhone
		{3419194F-A38B-4B4F-8C76-68B299F43599}.AppStore|ARM.ActiveCfg = AppStore|iPhone
		{3419194F-A38B-4B4F-8C76-68B299F43599}.AppStore|iPhone.ActiveCfg = AppStore|iPhone
		{3419194F-A38B-4B4F-8C76-68B299F43599}.AppStore|iPhone.Build.0 = AppStore|iPhone
		{3419194F-A38B-4B4F-8C76-68B299F43599}.AppStore|iPhoneSimulator.ActiveCfg = AppStore|iPhoneSimulator
		{3419194F-A38B-4B4F-8C76-68B299F43599}.AppStore|iPhoneSimulator.Build.0 = AppStore|iPhoneSimulator
		{3419194F-A38B-4B4F-8C76-68B299F43599}.AppStore|x64.ActiveCfg = AppStore|iPhone
		{3419194F-A38B-4B4F-8C76-68B299F43599}.AppStore|x86.ActiveCfg = AppStore|iPhone
		{3419194F-A38B-4B4F-8C76-68B299F43599}.Debug|Any CPU.ActiveCfg = Debug|iPhone
		{3419194F-A38B-4B4F-8C76-68B299F43599}.Debug|ARM.ActiveCfg = Debug|iPhone
		{3419194F-A38B-4B4F-8C76-68B299F43599}.Debug|iPhone.ActiveCfg = Debug|iPhone
		{3419194F-A38B-4B4F-8C76-68B299F43599}.Debug|iPhone.Build.0 = Debug|iPhone
		{3419194F-A38B-4B4F-8C76-68B299F43599}.Debug|iPhoneSimulator.ActiveCfg = Debug|iPhoneSimulator
		{3419194F-A38B-4B4F-8C76-68B299F43599}.Debug|iPhoneSimulator.Build.0 = Debug|iPhoneSimulator
		{3419194F-A38B-4B4F-8C76-68B299F43599}.Debug|x64.ActiveCfg = Debug|iPhone
		{3419194F-A38B-4B4F-8C76-68B299F43599}.Debug|x86.ActiveCfg = Debug|iPhone
		{3419194F-A38B-4B4F-8C76-68B299F43599}.Release|Any CPU.ActiveCfg = Release|iPhone
		{3419194F-A38B-4B4F-8C76-68B299F43599}.Release|ARM.ActiveCfg = Release|iPhone
		{3419194F-A38B-4B4F-8C76-68B299F43599}.Release|iPhone.ActiveCfg = Release|iPhone
		{3419194F-A38B-4B4F-8C76-68B299F43599}.Release|iPhone.Build.0 = Release|iPhone
		{3419194F-A38B-4B4F-8C76-68B299F43599}.Release|iPhoneSimulator.ActiveCfg = Release|iPhoneSimulator
		{3419194F-A38B-4B4F-8C76-68B299F43599}.Release|iPhoneSimulator.Build.0 = Release|iPhoneSimulator
		{3419194F-A38B-4B4F-8C76-68B299F43599}.Release|x64.ActiveCfg = Release|iPhone
		{3419194F-A38B-4B4F-8C76-68B299F43599}.Release|x86.ActiveCfg = Release|iPhone
		{2EE0C7F0-93A4-428E-884C-9D499F5D24CC}.Ad-Hoc|Any CPU.ActiveCfg = Release|x86
		{2EE0C7F0-93A4-428E-884C-9D499F5D24CC}.Ad-Hoc|Any CPU.Build.0 = Release|x86
		{2EE0C7F0-93A4-428E-884C-9D499F5D24CC}.Ad-Hoc|Any CPU.Deploy.0 = Release|x86
		{2EE0C7F0-93A4-428E-884C-9D499F5D24CC}.Ad-Hoc|ARM.ActiveCfg = Release|ARM
		{2EE0C7F0-93A4-428E-884C-9D499F5D24CC}.Ad-Hoc|ARM.Build.0 = Release|ARM
		{2EE0C7F0-93A4-428E-884C-9D499F5D24CC}.Ad-Hoc|ARM.Deploy.0 = Release|ARM
		{2EE0C7F0-93A4-428E-884C-9D499F5D24CC}.Ad-Hoc|iPhone.ActiveCfg = Release|x86
		{2EE0C7F0-93A4-428E-884C-9D499F5D24CC}.Ad-Hoc|iPhone.Build.0 = Release|x86
		{2EE0C7F0-93A4-428E-884C-9D499F5D24CC}.Ad-Hoc|iPhone.Deploy.0 = Release|x86
		{2EE0C7F0-93A4-428E-884C-9D499F5D24CC}.Ad-Hoc|iPhoneSimulator.ActiveCfg = Release|x86
		{2EE0C7F0-93A4-428E-884C-9D499F5D24CC}.Ad-Hoc|iPhoneSimulator.Build.0 = Release|x86
		{2EE0C7F0-93A4-428E-884C-9D499F5D24CC}.Ad-Hoc|iPhoneSimulator.Deploy.0 = Release|x86
		{2EE0C7F0-93A4-428E-884C-9D499F5D24CC}.Ad-Hoc|x64.ActiveCfg = Release|x64
		{2EE0C7F0-93A4-428E-884C-9D499F5D24CC}.Ad-Hoc|x64.Build.0 = Release|x64
		{2EE0C7F0-93A4-428E-884C-9D499F5D24CC}.Ad-Hoc|x64.Deploy.0 = Release|x64
		{2EE0C7F0-93A4-428E-884C-9D499F5D24CC}.Ad-Hoc|x86.ActiveCfg = Release|x86
		{2EE0C7F0-93A4-428E-884C-9D499F5D24CC}.Ad-Hoc|x86.Build.0 = Release|x86
		{2EE0C7F0-93A4-428E-884C-9D499F5D24CC}.Ad-Hoc|x86.Deploy.0 = Release|x86
		{2EE0C7F0-93A4-428E-884C-9D499F5D24CC}.AppStore|Any CPU.ActiveCfg = Release|x86
		{2EE0C7F0-93A4-428E-884C-9D499F5D24CC}.AppStore|Any CPU.Build.0 = Release|x86
		{2EE0C7F0-93A4-428E-884C-9D499F5D24CC}.AppStore|Any CPU.Deploy.0 = Release|x86
		{2EE0C7F0-93A4-428E-884C-9D499F5D24CC}.AppStore|ARM.ActiveCfg = Release|ARM
		{2EE0C7F0-93A4-428E-884C-9D499F5D24CC}.AppStore|ARM.Build.0 = Release|ARM
		{2EE0C7F0-93A4-428E-884C-9D499F5D24CC}.AppStore|ARM.Deploy.0 = Release|ARM
		{2EE0C7F0-93A4-428E-884C-9D499F5D24CC}.AppStore|iPhone.ActiveCfg = Release|x86
		{2EE0C7F0-93A4-428E-884C-9D499F5D24CC}.AppStore|iPhone.Build.0 = Release|x86
		{2EE0C7F0-93A4-428E-884C-9D499F5D24CC}.AppStore|iPhone.Deploy.0 = Release|x86
		{2EE0C7F0-93A4-428E-884C-9D499F5D24CC}.AppStore|iPhoneSimulator.ActiveCfg = Release|x86
		{2EE0C7F0-93A4-428E-884C-9D499F5D24CC}.AppStore|iPhoneSimulator.Build.0 = Release|x86
		{2EE0C7F0-93A4-428E-884C-9D499F5D24CC}.AppStore|iPhoneSimulator.Deploy.0 = Release|x86
		{2EE0C7F0-93A4-428E-884C-9D499F5D24CC}.AppStore|x64.ActiveCfg = Release|x64
		{2EE0C7F0-93A4-428E-884C-9D499F5D24CC}.AppStore|x64.Build.0 = Release|x64
		{2EE0C7F0-93A4-428E-884C-9D499F5D24CC}.AppStore|x64.Deploy.0 = Release|x64
		{2EE0C7F0-93A4-428E-884C-9D499F5D24CC}.AppStore|x86.ActiveCfg = Release|x86
		{2EE0C7F0-93A4-428E-884C-9D499F5D24CC}.AppStore|x86.Build.0 = Release|x86
		{2EE0C7F0-93A4-428E-884C-9D499F5D24CC}.AppStore|x86.Deploy.0 = Release|x86
		{2EE0C7F0-93A4-428E-884C-9D499F5D24CC}.Debug|Any CPU.ActiveCfg = Debug|x86
		{2EE0C7F0-93A4-428E-884C-9D499F5D24CC}.Debug|ARM.ActiveCfg = Debug|ARM
		{2EE0C7F0-93A4-428E-884C-9D499F5D24CC}.Debug|ARM.Build.0 = Debug|ARM
		{2EE0C7F0-93A4-428E-884C-9D499F5D24CC}.Debug|ARM.Deploy.0 = Debug|ARM
		{2EE0C7F0-93A4-428E-884C-9D499F5D24CC}.Debug|iPhone.ActiveCfg = Debug|x86
		{2EE0C7F0-93A4-428E-884C-9D499F5D24CC}.Debug|iPhoneSimulator.ActiveCfg = Debug|x86
		{2EE0C7F0-93A4-428E-884C-9D499F5D24CC}.Debug|x64.ActiveCfg = Debug|x64
		{2EE0C7F0-93A4-428E-884C-9D499F5D24CC}.Debug|x64.Build.0 = Debug|x64
		{2EE0C7F0-93A4-428E-884C-9D499F5D24CC}.Debug|x64.Deploy.0 = Debug|x64
		{2EE0C7F0-93A4-428E-884C-9D499F5D24CC}.Debug|x86.ActiveCfg = Debug|x86
		{2EE0C7F0-93A4-428E-884C-9D499F5D24CC}.Debug|x86.Build.0 = Debug|x86
		{2EE0C7F0-93A4-428E-884C-9D499F5D24CC}.Debug|x86.Deploy.0 = Debug|x86
		{2EE0C7F0-93A4-428E-884C-9D499F5D24CC}.Release|Any CPU.ActiveCfg = Release|x86
		{2EE0C7F0-93A4-428E-884C-9D499F5D24CC}.Release|ARM.ActiveCfg = Release|ARM
		{2EE0C7F0-93A4-428E-884C-9D499F5D24CC}.Release|ARM.Build.0 = Release|ARM
		{2EE0C7F0-93A4-428E-884C-9D499F5D24CC}.Release|ARM.Deploy.0 = Release|ARM
		{2EE0C7F0-93A4-428E-884C-9D499F5D24CC}.Release|iPhone.ActiveCfg = Release|x86
		{2EE0C7F0-93A4-428E-884C-9D499F5D24CC}.Release|iPhoneSimulator.ActiveCfg = Release|x86
		{2EE0C7F0-93A4-428E-884C-9D499F5D24CC}.Release|x64.ActiveCfg = Release|x64
		{2EE0C7F0-93A4-428E-884C-9D499F5D24CC}.Release|x64.Build.0 = Release|x64
		{2EE0C7F0-93A4-428E-884C-9D499F5D24CC}.Release|x64.Deploy.0 = Release|x64
		{2EE0C7F0-93A4-428E-884C-9D499F5D24CC}.Release|x86.ActiveCfg = Release|x86
		{2EE0C7F0-93A4-428E-884C-9D499F5D24CC}.Release|x86.Build.0 = Release|x86
		{2EE0C7F0-93A4-428E-884C-9D499F5D24CC}.Release|x86.Deploy.0 = Release|x86
		{8BE232F5-AAC8-41BF-84A8-284DB39A0B76}.Ad-Hoc|Any CPU.ActiveCfg = Debug|Any CPU
		{8BE232F5-AAC8-41BF-84A8-284DB39A0B76}.Ad-Hoc|Any CPU.Build.0 = Debug|Any CPU
		{8BE232F5-AAC8-41BF-84A8-284DB39A0B76}.Ad-Hoc|ARM.ActiveCfg = Debug|Any CPU
		{8BE232F5-AAC8-41BF-84A8-284DB39A0B76}.Ad-Hoc|ARM.Build.0 = Debug|Any CPU
		{8BE232F5-AAC8-41BF-84A8-284DB39A0B76}.Ad-Hoc|iPhone.ActiveCfg = Debug|Any CPU
		{8BE232F5-AAC8-41BF-84A8-284DB39A0B76}.Ad-Hoc|iPhone.Build.0 = Debug|Any CPU
		{8BE232F5-AAC8-41BF-84A8-284DB39A0B76}.Ad-Hoc|iPhoneSimulator.ActiveCfg = Debug|Any CPU
		{8BE232F5-AAC8-41BF-84A8-284DB39A0B76}.Ad-Hoc|iPhoneSimulator.Build.0 = Debug|Any CPU
		{8BE232F5-AAC8-41BF-84A8-284DB39A0B76}.Ad-Hoc|x64.ActiveCfg = Debug|Any CPU
		{8BE232F5-AAC8-41BF-84A8-284DB39A0B76}.Ad-Hoc|x64.Build.0 = Debug|Any CPU
		{8BE232F5-AAC8-41BF-84A8-284DB39A0B76}.Ad-Hoc|x86.ActiveCfg = Debug|Any CPU
		{8BE232F5-AAC8-41BF-84A8-284DB39A0B76}.Ad-Hoc|x86.Build.0 = Debug|Any CPU
		{8BE232F5-AAC8-41BF-84A8-284DB39A0B76}.AppStore|Any CPU.ActiveCfg = Debug|Any CPU
		{8BE232F5-AAC8-41BF-84A8-284DB39A0B76}.AppStore|Any CPU.Build.0 = Debug|Any CPU
		{8BE232F5-AAC8-41BF-84A8-284DB39A0B76}.AppStore|ARM.ActiveCfg = Debug|Any CPU
		{8BE232F5-AAC8-41BF-84A8-284DB39A0B76}.AppStore|ARM.Build.0 = Debug|Any CPU
		{8BE232F5-AAC8-41BF-84A8-284DB39A0B76}.AppStore|iPhone.ActiveCfg = Debug|Any CPU
		{8BE232F5-AAC8-41BF-84A8-284DB39A0B76}.AppStore|iPhone.Build.0 = Debug|Any CPU
		{8BE232F5-AAC8-41BF-84A8-284DB39A0B76}.AppStore|iPhoneSimulator.ActiveCfg = Debug|Any CPU
		{8BE232F5-AAC8-41BF-84A8-284DB39A0B76}.AppStore|iPhoneSimulator.Build.0 = Debug|Any CPU
		{8BE232F5-AAC8-41BF-84A8-284DB39A0B76}.AppStore|x64.ActiveCfg = Debug|Any CPU
		{8BE232F5-AAC8-41BF-84A8-284DB39A0B76}.AppStore|x64.Build.0 = Debug|Any CPU
		{8BE232F5-AAC8-41BF-84A8-284DB39A0B76}.AppStore|x86.ActiveCfg = Debug|Any CPU
		{8BE232F5-AAC8-41BF-84A8-284DB39A0B76}.AppStore|x86.Build.0 = Debug|Any CPU
		{8BE232F5-AAC8-41BF-84A8-284DB39A0B76}.Debug|Any CPU.ActiveCfg = Debug|Any CPU
		{8BE232F5-AAC8-41BF-84A8-284DB39A0B76}.Debug|Any CPU.Build.0 = Debug|Any CPU
		{8BE232F5-AAC8-41BF-84A8-284DB39A0B76}.Debug|ARM.ActiveCfg = Debug|Any CPU
		{8BE232F5-AAC8-41BF-84A8-284DB39A0B76}.Debug|ARM.Build.0 = Debug|Any CPU
		{8BE232F5-AAC8-41BF-84A8-284DB39A0B76}.Debug|iPhone.ActiveCfg = Debug|Any CPU
		{8BE232F5-AAC8-41BF-84A8-284DB39A0B76}.Debug|iPhone.Build.0 = Debug|Any CPU
		{8BE232F5-AAC8-41BF-84A8-284DB39A0B76}.Debug|iPhoneSimulator.ActiveCfg = Debug|Any CPU
		{8BE232F5-AAC8-41BF-84A8-284DB39A0B76}.Debug|iPhoneSimulator.Build.0 = Debug|Any CPU
		{8BE232F5-AAC8-41BF-84A8-284DB39A0B76}.Debug|x64.ActiveCfg = Debug|Any CPU
		{8BE232F5-AAC8-41BF-84A8-284DB39A0B76}.Debug|x64.Build.0 = Debug|Any CPU
		{8BE232F5-AAC8-41BF-84A8-284DB39A0B76}.Debug|x86.ActiveCfg = Debug|Any CPU
		{8BE232F5-AAC8-41BF-84A8-284DB39A0B76}.Debug|x86.Build.0 = Debug|Any CPU
		{8BE232F5-AAC8-41BF-84A8-284DB39A0B76}.Release|Any CPU.ActiveCfg = Release|Any CPU
		{8BE232F5-AAC8-41BF-84A8-284DB39A0B76}.Release|Any CPU.Build.0 = Release|Any CPU
		{8BE232F5-AAC8-41BF-84A8-284DB39A0B76}.Release|ARM.ActiveCfg = Release|Any CPU
		{8BE232F5-AAC8-41BF-84A8-284DB39A0B76}.Release|ARM.Build.0 = Release|Any CPU
		{8BE232F5-AAC8-41BF-84A8-284DB39A0B76}.Release|iPhone.ActiveCfg = Release|Any CPU
		{8BE232F5-AAC8-41BF-84A8-284DB39A0B76}.Release|iPhone.Build.0 = Release|Any CPU
		{8BE232F5-AAC8-41BF-84A8-284DB39A0B76}.Release|iPhoneSimulator.ActiveCfg = Release|Any CPU
		{8BE232F5-AAC8-41BF-84A8-284DB39A0B76}.Release|iPhoneSimulator.Build.0 = Release|Any CPU
		{8BE232F5-AAC8-41BF-84A8-284DB39A0B76}.Release|x64.ActiveCfg = Release|Any CPU
		{8BE232F5-AAC8-41BF-84A8-284DB39A0B76}.Release|x64.Build.0 = Release|Any CPU
		{8BE232F5-AAC8-41BF-84A8-284DB39A0B76}.Release|x86.ActiveCfg = Release|Any CPU
		{8BE232F5-AAC8-41BF-84A8-284DB39A0B76}.Release|x86.Build.0 = Release|Any CPU
	EndGlobalSection
	GlobalSection(SolutionProperties) = preSolution
		HideSolutionNode = FALSE
	EndGlobalSection
	GlobalSection(ExtensibilityGlobals) = postSolution
		SolutionGuid = {0E63BC52-E03B-4960-9AAD-294D1D4B4AEB}
	EndGlobalSection
EndGlobal
